
Microsoft Visual Studio Solution File, Format Version 12.00
# Visual Studio Version 18
VisualStudioVersion = 18.3.11505.172 d18.3
MinimumVisualStudioVersion = 10.0.40219.1
Project("{FAE04EC0-301F-11D3-BF4B-00C04F79EFBC}") = "EmployeeService", "EmployeeService\EmployeeService.csproj", "{80446DAE-C95C-4208-9BB4-A2064ED0BA43}"
EndProject
Project("{FAE04EC0-301F-11D3-BF4B-00C04F79EFBC}") = "EmployeeService.DAL", "EmployeeService.DAL\EmployeeService.DAL.csproj", "{39A325F2-309C-42F5-979A-8BB7A54BD064}"
EndProject
Global
	GlobalSection(SolutionConfigurationPlatforms) = preSolution
		Debug|Any CPU = Debug|Any CPU
		Release|Any CPU = Release|Any CPU
	EndGlobalSection
	GlobalSection(ProjectConfigurationPlatforms) = postSolution
		{80446DAE-C95C-4208-9BB4-A2064ED0BA43}.Debug|Any CPU.ActiveCfg = Debug|Any CPU
		{80446DAE-C95C-4208-9BB4-A2064ED0BA43}.Debug|Any CPU.Build.0 = Debug|Any CPU
		{80446DAE-C95C-4208-9BB4-A2064ED0BA43}.Release|Any CPU.ActiveCfg = Release|Any CPU
		{80446DAE-C95C-4208-9BB4-A2064ED0BA43}.Release|Any CPU.Build.0 = Release|Any CPU
		{39A325F2-309C-42F5-979A-8BB7A54BD064}.Debug|Any CPU.ActiveCfg = Debug|Any CPU
		{39A325F2-309C-42F5-979A-8BB7A54BD064}.Debug|Any CPU.Build.0 = Debug|Any CPU
		{39A325F2-309C-42F5-979A-8BB7A54BD064}.Release|Any CPU.ActiveCfg = Release|Any CPU
		{39A325F2-309C-42F5-979A-8BB7A54BD064}.Release|Any CPU.Build.0 = Release|Any CPU
	EndGlobalSection
	GlobalSection(SolutionProperties) = preSolution
		HideSolutionNode = FALSE
	EndGlobalSection
	GlobalSection(ExtensibilityGlobals) = postSolution
		SolutionGuid = {9DF6A675-9187-4598-B3D8-AD9632E6A91D}
	EndGlobalSection
EndGlobal
